// !$*UTF8*$!
{
	archiveVersion = 1;
	classes = {
	};
	objectVersion = 56;
	objects = {

/* Begin PBXBuildFile section */
		182E78492A2AECF4002A4C12 /* Colors.swift in Sources */ = {isa = PBXBuildFile; fileRef = 182E78482A2AECF4002A4C12 /* Colors.swift */; };
		182E784B2A2AED13002A4C12 /* Register.swift in Sources */ = {isa = PBXBuildFile; fileRef = 182E784A2A2AED13002A4C12 /* Register.swift */; };
		182E784D2A2AED48002A4C12 /* KeyboardManager.swift in Sources */ = {isa = PBXBuildFile; fileRef = 182E784C2A2AED48002A4C12 /* KeyboardManager.swift */; };
		182E78512A2AEE08002A4C12 /* BaseTableViewCell.swift in Sources */ = {isa = PBXBuildFile; fileRef = 182E78502A2AEE07002A4C12 /* BaseTableViewCell.swift */; };
		182E78532A2AEE39002A4C12 /* ClearCell.swift in Sources */ = {isa = PBXBuildFile; fileRef = 182E78522A2AEE39002A4C12 /* ClearCell.swift */; };
		182E78562A2AEE78002A4C12 /* BaseLabel.swift in Sources */ = {isa = PBXBuildFile; fileRef = 182E78552A2AEE78002A4C12 /* BaseLabel.swift */; };
		182E78582A2AEE84002A4C12 /* LabelLight.swift in Sources */ = {isa = PBXBuildFile; fileRef = 182E78572A2AEE84002A4C12 /* LabelLight.swift */; };
		182E785A2A2AEE90002A4C12 /* LabelMedium.swift in Sources */ = {isa = PBXBuildFile; fileRef = 182E78592A2AEE90002A4C12 /* LabelMedium.swift */; };
		182E785C2A2AEE9A002A4C12 /* LabelRegular.swift in Sources */ = {isa = PBXBuildFile; fileRef = 182E785B2A2AEE9A002A4C12 /* LabelRegular.swift */; };
		182E785E2A2AEEAC002A4C12 /* LabelBold.swift in Sources */ = {isa = PBXBuildFile; fileRef = 182E785D2A2AEEAC002A4C12 /* LabelBold.swift */; };
		182E78612A2AEEE2002A4C12 /* Font.swift in Sources */ = {isa = PBXBuildFile; fileRef = 182E78602A2AEEE2002A4C12 /* Font.swift */; };
		182E78632A2AEF12002A4C12 /* Language.swift in Sources */ = {isa = PBXBuildFile; fileRef = 182E78622A2AEF12002A4C12 /* Language.swift */; };
		182E78662A2AEF48002A4C12 /* LightStorage.swift in Sources */ = {isa = PBXBuildFile; fileRef = 182E78652A2AEF48002A4C12 /* LightStorage.swift */; };
		182E786A2A2AEFEA002A4C12 /* Strings.swift in Sources */ = {isa = PBXBuildFile; fileRef = 182E78692A2AEFEA002A4C12 /* Strings.swift */; };
		182E786C2A2AF060002A4C12 /* StringLocalized.swift in Sources */ = {isa = PBXBuildFile; fileRef = 182E786B2A2AF060002A4C12 /* StringLocalized.swift */; };
		182E786E2A2AF10F002A4C12 /* Images.swift in Sources */ = {isa = PBXBuildFile; fileRef = 182E786D2A2AF10F002A4C12 /* Images.swift */; };
		182E78712A2AF305002A4C12 /* BaseButton.swift in Sources */ = {isa = PBXBuildFile; fileRef = 182E78702A2AF304002A4C12 /* BaseButton.swift */; };
		182E78732A2AF318002A4C12 /* TintButton.swift in Sources */ = {isa = PBXBuildFile; fileRef = 182E78722A2AF318002A4C12 /* TintButton.swift */; };
		182E78752A2AF32A002A4C12 /* RoundedButton.swift in Sources */ = {isa = PBXBuildFile; fileRef = 182E78742A2AF32A002A4C12 /* RoundedButton.swift */; };
		182E787A2A2AF368002A4C12 /* UIView.swift in Sources */ = {isa = PBXBuildFile; fileRef = 182E78792A2AF368002A4C12 /* UIView.swift */; };
		182E787E2A2AF3E3002A4C12 /* BaseNavigationController.swift in Sources */ = {isa = PBXBuildFile; fileRef = 182E787D2A2AF3E3002A4C12 /* BaseNavigationController.swift */; };
		182E78802A2AF400002A4C12 /* UINavigationController.swift in Sources */ = {isa = PBXBuildFile; fileRef = 182E787F2A2AF400002A4C12 /* UINavigationController.swift */; };
		182E78832A2AF48F002A4C12 /* BaseTextField.swift in Sources */ = {isa = PBXBuildFile; fileRef = 182E78822A2AF48F002A4C12 /* BaseTextField.swift */; };
		182E78862A2AF4EE002A4C12 /* ReusableView.swift in Sources */ = {isa = PBXBuildFile; fileRef = 182E78852A2AF4EE002A4C12 /* ReusableView.swift */; };
		182E78892A2AF591002A4C12 /* LogManager.swift in Sources */ = {isa = PBXBuildFile; fileRef = 182E78882A2AF591002A4C12 /* LogManager.swift */; };
		182E788E2A2AF66B002A4C12 /* BaseViewController.swift in Sources */ = {isa = PBXBuildFile; fileRef = 182E788D2A2AF66B002A4C12 /* BaseViewController.swift */; };
		182E78902A2AF686002A4C12 /* Typealias.swift in Sources */ = {isa = PBXBuildFile; fileRef = 182E788F2A2AF686002A4C12 /* Typealias.swift */; };
		182E78922A2AF6D3002A4C12 /* TableBaseViewController.swift in Sources */ = {isa = PBXBuildFile; fileRef = 182E78912A2AF6D3002A4C12 /* TableBaseViewController.swift */; };
		182E78942A2AF772002A4C12 /* PresentationController.swift in Sources */ = {isa = PBXBuildFile; fileRef = 182E78932A2AF772002A4C12 /* PresentationController.swift */; };
		182E78972A2AFBFD002A4C12 /* SplashVC.swift in Sources */ = {isa = PBXBuildFile; fileRef = 182E78962A2AFBFD002A4C12 /* SplashVC.swift */; };
		182E78992A2AFC88002A4C12 /* UIWindow.swift in Sources */ = {isa = PBXBuildFile; fileRef = 182E78982A2AFC88002A4C12 /* UIWindow.swift */; };
		182E789C2A2AFE36002A4C12 /* ProfileImage.swift in Sources */ = {isa = PBXBuildFile; fileRef = 182E789B2A2AFE36002A4C12 /* ProfileImage.swift */; };
		182E78A02A2B0E6E002A4C12 /* IMLanguage.swift in Sources */ = {isa = PBXBuildFile; fileRef = 182E789F2A2B0E6E002A4C12 /* IMLanguage.swift */; };
		182E78A32A2B0F6A002A4C12 /* BaseView.swift in Sources */ = {isa = PBXBuildFile; fileRef = 182E78A22A2B0F6A002A4C12 /* BaseView.swift */; };
		182E78A52A2B0F92002A4C12 /* LanguageSelectionPresenter.swift in Sources */ = {isa = PBXBuildFile; fileRef = 182E78A42A2B0F92002A4C12 /* LanguageSelectionPresenter.swift */; };
		182E78A82A2B10CB002A4C12 /* LanguageSelectionVC.swift in Sources */ = {isa = PBXBuildFile; fileRef = 182E78A72A2B10CB002A4C12 /* LanguageSelectionVC.swift */; };
		182E78AA2A2B11B8002A4C12 /* UITableView.swift in Sources */ = {isa = PBXBuildFile; fileRef = 182E78A92A2B11B8002A4C12 /* UITableView.swift */; };
		182E78AE2A2B127E002A4C12 /* LanguageSelectionTVC.swift in Sources */ = {isa = PBXBuildFile; fileRef = 182E78AC2A2B127E002A4C12 /* LanguageSelectionTVC.swift */; };
		182E78AF2A2B127E002A4C12 /* LanguageSelectionTVC.xib in Resources */ = {isa = PBXBuildFile; fileRef = 182E78AD2A2B127E002A4C12 /* LanguageSelectionTVC.xib */; };
		182E78B12A2B159A002A4C12 /* ReuseIds.swift in Sources */ = {isa = PBXBuildFile; fileRef = 182E78B02A2B159A002A4C12 /* ReuseIds.swift */; };
		182E78B32A2B171A002A4C12 /* StoryboardIds.swift in Sources */ = {isa = PBXBuildFile; fileRef = 182E78B22A2B171A002A4C12 /* StoryboardIds.swift */; };
		182E78B52A2B173D002A4C12 /* LanguageSelection.storyboard in Resources */ = {isa = PBXBuildFile; fileRef = 182E78B42A2B173D002A4C12 /* LanguageSelection.storyboard */; };
		182E78B72A2B1E70002A4C12 /* UIViewController.swift in Sources */ = {isa = PBXBuildFile; fileRef = 182E78B62A2B1E70002A4C12 /* UIViewController.swift */; };
		93FEFF1463B0883C4F9B5D93 /* Pods_TaskManager.framework in Frameworks */ = {isa = PBXBuildFile; fileRef = DC02E1A7FFF175C8BE303BC6 /* Pods_TaskManager.framework */; };
		F44D70A42A2AE6E200B7D3B3 /* AppDelegate.swift in Sources */ = {isa = PBXBuildFile; fileRef = F44D70A32A2AE6E200B7D3B3 /* AppDelegate.swift */; };
		F44D70A62A2AE6E200B7D3B3 /* SceneDelegate.swift in Sources */ = {isa = PBXBuildFile; fileRef = F44D70A52A2AE6E200B7D3B3 /* SceneDelegate.swift */; };
		F44D70AB2A2AE6E200B7D3B3 /* Main.storyboard in Resources */ = {isa = PBXBuildFile; fileRef = F44D70A92A2AE6E200B7D3B3 /* Main.storyboard */; };
		F44D70AD2A2AE6E400B7D3B3 /* Assets.xcassets in Resources */ = {isa = PBXBuildFile; fileRef = F44D70AC2A2AE6E400B7D3B3 /* Assets.xcassets */; };
		F44D70B02A2AE6E400B7D3B3 /* LaunchScreen.storyboard in Resources */ = {isa = PBXBuildFile; fileRef = F44D70AE2A2AE6E400B7D3B3 /* LaunchScreen.storyboard */; };
/* End PBXBuildFile section */

/* Begin PBXFileReference section */
		04C564CD3FD00AF5186623CD /* Pods-TaskManager.release.xcconfig */ = {isa = PBXFileReference; includeInIndex = 1; lastKnownFileType = text.xcconfig; name = "Pods-TaskManager.release.xcconfig"; path = "Target Support Files/Pods-TaskManager/Pods-TaskManager.release.xcconfig"; sourceTree = "<group>"; };
		182E78482A2AECF4002A4C12 /* Colors.swift */ = {isa = PBXFileReference; lastKnownFileType = sourcecode.swift; path = Colors.swift; sourceTree = "<group>"; };
		182E784A2A2AED13002A4C12 /* Register.swift */ = {isa = PBXFileReference; lastKnownFileType = sourcecode.swift; path = Register.swift; sourceTree = "<group>"; };
		182E784C2A2AED48002A4C12 /* KeyboardManager.swift */ = {isa = PBXFileReference; lastKnownFileType = sourcecode.swift; path = KeyboardManager.swift; sourceTree = "<group>"; };
		182E78502A2AEE07002A4C12 /* BaseTableViewCell.swift */ = {isa = PBXFileReference; lastKnownFileType = sourcecode.swift; path = BaseTableViewCell.swift; sourceTree = "<group>"; };
		182E78522A2AEE39002A4C12 /* ClearCell.swift */ = {isa = PBXFileReference; lastKnownFileType = sourcecode.swift; path = ClearCell.swift; sourceTree = "<group>"; };
		182E78552A2AEE78002A4C12 /* BaseLabel.swift */ = {isa = PBXFileReference; lastKnownFileType = sourcecode.swift; path = BaseLabel.swift; sourceTree = "<group>"; };
		182E78572A2AEE84002A4C12 /* LabelLight.swift */ = {isa = PBXFileReference; lastKnownFileType = sourcecode.swift; path = LabelLight.swift; sourceTree = "<group>"; };
		182E78592A2AEE90002A4C12 /* LabelMedium.swift */ = {isa = PBXFileReference; lastKnownFileType = sourcecode.swift; path = LabelMedium.swift; sourceTree = "<group>"; };
		182E785B2A2AEE9A002A4C12 /* LabelRegular.swift */ = {isa = PBXFileReference; lastKnownFileType = sourcecode.swift; path = LabelRegular.swift; sourceTree = "<group>"; };
		182E785D2A2AEEAC002A4C12 /* LabelBold.swift */ = {isa = PBXFileReference; lastKnownFileType = sourcecode.swift; path = LabelBold.swift; sourceTree = "<group>"; };
		182E78602A2AEEE2002A4C12 /* Font.swift */ = {isa = PBXFileReference; lastKnownFileType = sourcecode.swift; path = Font.swift; sourceTree = "<group>"; };
		182E78622A2AEF12002A4C12 /* Language.swift */ = {isa = PBXFileReference; lastKnownFileType = sourcecode.swift; path = Language.swift; sourceTree = "<group>"; };
		182E78652A2AEF48002A4C12 /* LightStorage.swift */ = {isa = PBXFileReference; lastKnownFileType = sourcecode.swift; path = LightStorage.swift; sourceTree = "<group>"; };
		182E78692A2AEFEA002A4C12 /* Strings.swift */ = {isa = PBXFileReference; lastKnownFileType = sourcecode.swift; path = Strings.swift; sourceTree = "<group>"; };
		182E786B2A2AF060002A4C12 /* StringLocalized.swift */ = {isa = PBXFileReference; lastKnownFileType = sourcecode.swift; path = StringLocalized.swift; sourceTree = "<group>"; };
		182E786D2A2AF10F002A4C12 /* Images.swift */ = {isa = PBXFileReference; lastKnownFileType = sourcecode.swift; path = Images.swift; sourceTree = "<group>"; };
		182E78702A2AF304002A4C12 /* BaseButton.swift */ = {isa = PBXFileReference; lastKnownFileType = sourcecode.swift; path = BaseButton.swift; sourceTree = "<group>"; };
		182E78722A2AF318002A4C12 /* TintButton.swift */ = {isa = PBXFileReference; lastKnownFileType = sourcecode.swift; path = TintButton.swift; sourceTree = "<group>"; };
		182E78742A2AF32A002A4C12 /* RoundedButton.swift */ = {isa = PBXFileReference; lastKnownFileType = sourcecode.swift; path = RoundedButton.swift; sourceTree = "<group>"; };
		182E78792A2AF368002A4C12 /* UIView.swift */ = {isa = PBXFileReference; lastKnownFileType = sourcecode.swift; path = UIView.swift; sourceTree = "<group>"; };
		182E787D2A2AF3E3002A4C12 /* BaseNavigationController.swift */ = {isa = PBXFileReference; lastKnownFileType = sourcecode.swift; path = BaseNavigationController.swift; sourceTree = "<group>"; };
		182E787F2A2AF400002A4C12 /* UINavigationController.swift */ = {isa = PBXFileReference; lastKnownFileType = sourcecode.swift; path = UINavigationController.swift; sourceTree = "<group>"; };
		182E78822A2AF48F002A4C12 /* BaseTextField.swift */ = {isa = PBXFileReference; lastKnownFileType = sourcecode.swift; path = BaseTextField.swift; sourceTree = "<group>"; };
		182E78852A2AF4EE002A4C12 /* ReusableView.swift */ = {isa = PBXFileReference; lastKnownFileType = sourcecode.swift; path = ReusableView.swift; sourceTree = "<group>"; };
		182E78882A2AF591002A4C12 /* LogManager.swift */ = {isa = PBXFileReference; lastKnownFileType = sourcecode.swift; path = LogManager.swift; sourceTree = "<group>"; };
		182E788D2A2AF66B002A4C12 /* BaseViewController.swift */ = {isa = PBXFileReference; lastKnownFileType = sourcecode.swift; path = BaseViewController.swift; sourceTree = "<group>"; };
		182E788F2A2AF686002A4C12 /* Typealias.swift */ = {isa = PBXFileReference; lastKnownFileType = sourcecode.swift; path = Typealias.swift; sourceTree = "<group>"; };
		182E78912A2AF6D3002A4C12 /* TableBaseViewController.swift */ = {isa = PBXFileReference; lastKnownFileType = sourcecode.swift; path = TableBaseViewController.swift; sourceTree = "<group>"; };
		182E78932A2AF772002A4C12 /* PresentationController.swift */ = {isa = PBXFileReference; lastKnownFileType = sourcecode.swift; path = PresentationController.swift; sourceTree = "<group>"; };
		182E78962A2AFBFD002A4C12 /* SplashVC.swift */ = {isa = PBXFileReference; lastKnownFileType = sourcecode.swift; path = SplashVC.swift; sourceTree = "<group>"; };
		182E78982A2AFC88002A4C12 /* UIWindow.swift */ = {isa = PBXFileReference; lastKnownFileType = sourcecode.swift; path = UIWindow.swift; sourceTree = "<group>"; };
		182E789B2A2AFE36002A4C12 /* ProfileImage.swift */ = {isa = PBXFileReference; lastKnownFileType = sourcecode.swift; path = ProfileImage.swift; sourceTree = "<group>"; };
		182E789F2A2B0E6E002A4C12 /* IMLanguage.swift */ = {isa = PBXFileReference; lastKnownFileType = sourcecode.swift; path = IMLanguage.swift; sourceTree = "<group>"; };
		182E78A22A2B0F6A002A4C12 /* BaseView.swift */ = {isa = PBXFileReference; lastKnownFileType = sourcecode.swift; path = BaseView.swift; sourceTree = "<group>"; };
		182E78A42A2B0F92002A4C12 /* LanguageSelectionPresenter.swift */ = {isa = PBXFileReference; lastKnownFileType = sourcecode.swift; path = LanguageSelectionPresenter.swift; sourceTree = "<group>"; };
		182E78A72A2B10CB002A4C12 /* LanguageSelectionVC.swift */ = {isa = PBXFileReference; lastKnownFileType = sourcecode.swift; path = LanguageSelectionVC.swift; sourceTree = "<group>"; };
		182E78A92A2B11B8002A4C12 /* UITableView.swift */ = {isa = PBXFileReference; lastKnownFileType = sourcecode.swift; path = UITableView.swift; sourceTree = "<group>"; };
		182E78AC2A2B127E002A4C12 /* LanguageSelectionTVC.swift */ = {isa = PBXFileReference; lastKnownFileType = sourcecode.swift; path = LanguageSelectionTVC.swift; sourceTree = "<group>"; };
		182E78AD2A2B127E002A4C12 /* LanguageSelectionTVC.xib */ = {isa = PBXFileReference; lastKnownFileType = file.xib; path = LanguageSelectionTVC.xib; sourceTree = "<group>"; };
		182E78B02A2B159A002A4C12 /* ReuseIds.swift */ = {isa = PBXFileReference; lastKnownFileType = sourcecode.swift; path = ReuseIds.swift; sourceTree = "<group>"; };
		182E78B22A2B171A002A4C12 /* StoryboardIds.swift */ = {isa = PBXFileReference; lastKnownFileType = sourcecode.swift; path = StoryboardIds.swift; sourceTree = "<group>"; };
		182E78B42A2B173D002A4C12 /* LanguageSelection.storyboard */ = {isa = PBXFileReference; lastKnownFileType = file.storyboard; path = LanguageSelection.storyboard; sourceTree = "<group>"; };
		182E78B62A2B1E70002A4C12 /* UIViewController.swift */ = {isa = PBXFileReference; lastKnownFileType = sourcecode.swift; path = UIViewController.swift; sourceTree = "<group>"; };
		964C59A790365A07D3E922E7 /* Pods-TaskManager.debug.xcconfig */ = {isa = PBXFileReference; includeInIndex = 1; lastKnownFileType = text.xcconfig; name = "Pods-TaskManager.debug.xcconfig"; path = "Target Support Files/Pods-TaskManager/Pods-TaskManager.debug.xcconfig"; sourceTree = "<group>"; };
		DC02E1A7FFF175C8BE303BC6 /* Pods_TaskManager.framework */ = {isa = PBXFileReference; explicitFileType = wrapper.framework; includeInIndex = 0; path = Pods_TaskManager.framework; sourceTree = BUILT_PRODUCTS_DIR; };
		F44D70A02A2AE6E200B7D3B3 /* TaskManager.app */ = {isa = PBXFileReference; explicitFileType = wrapper.application; includeInIndex = 0; path = TaskManager.app; sourceTree = BUILT_PRODUCTS_DIR; };
		F44D70A32A2AE6E200B7D3B3 /* AppDelegate.swift */ = {isa = PBXFileReference; lastKnownFileType = sourcecode.swift; path = AppDelegate.swift; sourceTree = "<group>"; };
		F44D70A52A2AE6E200B7D3B3 /* SceneDelegate.swift */ = {isa = PBXFileReference; lastKnownFileType = sourcecode.swift; path = SceneDelegate.swift; sourceTree = "<group>"; };
		F44D70AA2A2AE6E200B7D3B3 /* Base */ = {isa = PBXFileReference; lastKnownFileType = file.storyboard; name = Base; path = Base.lproj/Main.storyboard; sourceTree = "<group>"; };
		F44D70AC2A2AE6E400B7D3B3 /* Assets.xcassets */ = {isa = PBXFileReference; lastKnownFileType = folder.assetcatalog; path = Assets.xcassets; sourceTree = "<group>"; };
		F44D70AF2A2AE6E400B7D3B3 /* Base */ = {isa = PBXFileReference; lastKnownFileType = file.storyboard; name = Base; path = Base.lproj/LaunchScreen.storyboard; sourceTree = "<group>"; };
		F44D70B12A2AE6E400B7D3B3 /* Info.plist */ = {isa = PBXFileReference; lastKnownFileType = text.plist.xml; path = Info.plist; sourceTree = "<group>"; };
/* End PBXFileReference section */

/* Begin PBXFrameworksBuildPhase section */
		F44D709D2A2AE6E200B7D3B3 /* Frameworks */ = {
			isa = PBXFrameworksBuildPhase;
			buildActionMask = 2147483647;
			files = (
				93FEFF1463B0883C4F9B5D93 /* Pods_TaskManager.framework in Frameworks */,
			);
			runOnlyForDeploymentPostprocessing = 0;
		};
/* End PBXFrameworksBuildPhase section */

/* Begin PBXGroup section */
		182E78452A2AECAC002A4C12 /* Resource */ = {
			isa = PBXGroup;
			children = (
				F44D70AC2A2AE6E400B7D3B3 /* Assets.xcassets */,
			);
			path = Resource;
			sourceTree = "<group>";
		};
		182E78462A2AECC7002A4C12 /* Tools and Utils */ = {
			isa = PBXGroup;
			children = (
				182E78872A2AF588002A4C12 /* Manager */,
				182E78842A2AF4E2002A4C12 /* Protocol */,
				182E78762A2AF343002A4C12 /* Extension */,
				182E78672A2AEFD6002A4C12 /* Messages and Strings */,
				182E78642A2AEF37002A4C12 /* Storage */,
				182E785F2A2AEECE002A4C12 /* Font */,
				182E784E2A2AEDE7002A4C12 /* Components */,
				182E78472A2AECEA002A4C12 /* General */,
			);
			path = "Tools and Utils";
			sourceTree = "<group>";
		};
		182E78472A2AECEA002A4C12 /* General */ = {
			isa = PBXGroup;
			children = (
				182E78482A2AECF4002A4C12 /* Colors.swift */,
				182E784A2A2AED13002A4C12 /* Register.swift */,
				182E784C2A2AED48002A4C12 /* KeyboardManager.swift */,
				182E78622A2AEF12002A4C12 /* Language.swift */,
				182E786D2A2AF10F002A4C12 /* Images.swift */,
				182E788F2A2AF686002A4C12 /* Typealias.swift */,
				182E78B02A2B159A002A4C12 /* ReuseIds.swift */,
				182E78B22A2B171A002A4C12 /* StoryboardIds.swift */,
			);
			path = General;
			sourceTree = "<group>";
		};
		182E784E2A2AEDE7002A4C12 /* Components */ = {
			isa = PBXGroup;
			children = (
				182E789A2A2AFE1F002A4C12 /* Image */,
				182E78812A2AF480002A4C12 /* TextField */,
				182E787C2A2AF3D1002A4C12 /* Navigation */,
				182E786F2A2AF2FC002A4C12 /* Button */,
				182E78542A2AEE6D002A4C12 /* Label */,
				182E784F2A2AEDED002A4C12 /* TableView */,
			);
			path = Components;
			sourceTree = "<group>";
		};
		182E784F2A2AEDED002A4C12 /* TableView */ = {
			isa = PBXGroup;
			children = (
				182E78502A2AEE07002A4C12 /* BaseTableViewCell.swift */,
				182E78522A2AEE39002A4C12 /* ClearCell.swift */,
			);
			path = TableView;
			sourceTree = "<group>";
		};
		182E78542A2AEE6D002A4C12 /* Label */ = {
			isa = PBXGroup;
			children = (
				182E78552A2AEE78002A4C12 /* BaseLabel.swift */,
				182E78572A2AEE84002A4C12 /* LabelLight.swift */,
				182E785B2A2AEE9A002A4C12 /* LabelRegular.swift */,
				182E78592A2AEE90002A4C12 /* LabelMedium.swift */,
				182E785D2A2AEEAC002A4C12 /* LabelBold.swift */,
			);
			path = Label;
			sourceTree = "<group>";
		};
		182E785F2A2AEECE002A4C12 /* Font */ = {
			isa = PBXGroup;
			children = (
				182E78602A2AEEE2002A4C12 /* Font.swift */,
			);
			path = Font;
			sourceTree = "<group>";
		};
		182E78642A2AEF37002A4C12 /* Storage */ = {
			isa = PBXGroup;
			children = (
				182E78652A2AEF48002A4C12 /* LightStorage.swift */,
			);
			path = Storage;
			sourceTree = "<group>";
		};
		182E78672A2AEFD6002A4C12 /* Messages and Strings */ = {
			isa = PBXGroup;
			children = (
				182E78692A2AEFEA002A4C12 /* Strings.swift */,
				182E786B2A2AF060002A4C12 /* StringLocalized.swift */,
			);
			path = "Messages and Strings";
			sourceTree = "<group>";
		};
		182E786F2A2AF2FC002A4C12 /* Button */ = {
			isa = PBXGroup;
			children = (
				182E78702A2AF304002A4C12 /* BaseButton.swift */,
				182E78722A2AF318002A4C12 /* TintButton.swift */,
				182E78742A2AF32A002A4C12 /* RoundedButton.swift */,
			);
			path = Button;
			sourceTree = "<group>";
		};
		182E78762A2AF343002A4C12 /* Extension */ = {
			isa = PBXGroup;
			children = (
				182E78792A2AF368002A4C12 /* UIView.swift */,
				182E787F2A2AF400002A4C12 /* UINavigationController.swift */,
				182E78982A2AFC88002A4C12 /* UIWindow.swift */,
				182E78A92A2B11B8002A4C12 /* UITableView.swift */,
				182E78B62A2B1E70002A4C12 /* UIViewController.swift */,
			);
			path = Extension;
			sourceTree = "<group>";
		};
		182E787C2A2AF3D1002A4C12 /* Navigation */ = {
			isa = PBXGroup;
			children = (
				182E787D2A2AF3E3002A4C12 /* BaseNavigationController.swift */,
			);
			path = Navigation;
			sourceTree = "<group>";
		};
		182E78812A2AF480002A4C12 /* TextField */ = {
			isa = PBXGroup;
			children = (
				182E78822A2AF48F002A4C12 /* BaseTextField.swift */,
			);
			path = TextField;
			sourceTree = "<group>";
		};
		182E78842A2AF4E2002A4C12 /* Protocol */ = {
			isa = PBXGroup;
			children = (
				182E78852A2AF4EE002A4C12 /* ReusableView.swift */,
				182E78A22A2B0F6A002A4C12 /* BaseView.swift */,
			);
			path = Protocol;
			sourceTree = "<group>";
		};
		182E78872A2AF588002A4C12 /* Manager */ = {
			isa = PBXGroup;
			children = (
				182E78882A2AF591002A4C12 /* LogManager.swift */,
			);
			path = Manager;
			sourceTree = "<group>";
		};
		182E788A2A2AF5C2002A4C12 /* Modules */ = {
			isa = PBXGroup;
			children = (
				182E789D2A2B0167002A4C12 /* Language Selection (MVP) */,
				182E788B2A2AF5CB002A4C12 /* Entry and Splash */,
				182E788C2A2AF654002A4C12 /* Base */,
			);
			path = Modules;
			sourceTree = "<group>";
		};
		182E788B2A2AF5CB002A4C12 /* Entry and Splash */ = {
			isa = PBXGroup;
			children = (
				182E78952A2AFBDB002A4C12 /* View */,
				F44D70A32A2AE6E200B7D3B3 /* AppDelegate.swift */,
				F44D70A52A2AE6E200B7D3B3 /* SceneDelegate.swift */,
			);
			path = "Entry and Splash";
			sourceTree = "<group>";
		};
		182E788C2A2AF654002A4C12 /* Base */ = {
			isa = PBXGroup;
			children = (
				182E788D2A2AF66B002A4C12 /* BaseViewController.swift */,
				182E78912A2AF6D3002A4C12 /* TableBaseViewController.swift */,
				182E78932A2AF772002A4C12 /* PresentationController.swift */,
			);
			path = Base;
			sourceTree = "<group>";
		};
		182E78952A2AFBDB002A4C12 /* View */ = {
			isa = PBXGroup;
			children = (
				F44D70A92A2AE6E200B7D3B3 /* Main.storyboard */,
				F44D70AE2A2AE6E400B7D3B3 /* LaunchScreen.storyboard */,
				182E78962A2AFBFD002A4C12 /* SplashVC.swift */,
			);
			path = View;
			sourceTree = "<group>";
		};
		182E789A2A2AFE1F002A4C12 /* Image */ = {
			isa = PBXGroup;
			children = (
				182E789B2A2AFE36002A4C12 /* ProfileImage.swift */,
			);
			path = Image;
			sourceTree = "<group>";
		};
		182E789D2A2B0167002A4C12 /* Language Selection (MVP) */ = {
			isa = PBXGroup;
			children = (
				182E789E2A2B0E5B002A4C12 /* Model */,
				182E78A62A2B10B5002A4C12 /* View */,
				182E78A12A2B0F3F002A4C12 /* Presenter */,
			);
			path = "Language Selection (MVP)";
			sourceTree = "<group>";
		};
		182E789E2A2B0E5B002A4C12 /* Model */ = {
			isa = PBXGroup;
			children = (
				182E789F2A2B0E6E002A4C12 /* IMLanguage.swift */,
			);
			path = Model;
			sourceTree = "<group>";
		};
		182E78A12A2B0F3F002A4C12 /* Presenter */ = {
			isa = PBXGroup;
			children = (
				182E78A42A2B0F92002A4C12 /* LanguageSelectionPresenter.swift */,
			);
			path = Presenter;
			sourceTree = "<group>";
		};
		182E78A62A2B10B5002A4C12 /* View */ = {
			isa = PBXGroup;
			children = (
				182E78AB2A2B1262002A4C12 /* Cell */,
				182E78A72A2B10CB002A4C12 /* LanguageSelectionVC.swift */,
				182E78B42A2B173D002A4C12 /* LanguageSelection.storyboard */,
			);
			path = View;
			sourceTree = "<group>";
		};
		182E78AB2A2B1262002A4C12 /* Cell */ = {
			isa = PBXGroup;
			children = (
				182E78AC2A2B127E002A4C12 /* LanguageSelectionTVC.swift */,
				182E78AD2A2B127E002A4C12 /* LanguageSelectionTVC.xib */,
			);
			path = Cell;
			sourceTree = "<group>";
		};
		CAA679823BE59C82FA1997B4 /* Pods */ = {
			isa = PBXGroup;
			children = (
				964C59A790365A07D3E922E7 /* Pods-TaskManager.debug.xcconfig */,
				04C564CD3FD00AF5186623CD /* Pods-TaskManager.release.xcconfig */,
			);
			path = Pods;
			sourceTree = "<group>";
		};
		E35CBDC1D9BB1C9CFD2071DB /* Frameworks */ = {
			isa = PBXGroup;
			children = (
				DC02E1A7FFF175C8BE303BC6 /* Pods_TaskManager.framework */,
			);
			name = Frameworks;
			sourceTree = "<group>";
		};
		F44D70972A2AE6E200B7D3B3 = {
			isa = PBXGroup;
			children = (
				F44D70A22A2AE6E200B7D3B3 /* TaskManager */,
				F44D70A12A2AE6E200B7D3B3 /* Products */,
				CAA679823BE59C82FA1997B4 /* Pods */,
				E35CBDC1D9BB1C9CFD2071DB /* Frameworks */,
			);
			sourceTree = "<group>";
		};
		F44D70A12A2AE6E200B7D3B3 /* Products */ = {
			isa = PBXGroup;
			children = (
				F44D70A02A2AE6E200B7D3B3 /* TaskManager.app */,
			);
			name = Products;
			sourceTree = "<group>";
		};
		F44D70A22A2AE6E200B7D3B3 /* TaskManager */ = {
			isa = PBXGroup;
			children = (
				182E788A2A2AF5C2002A4C12 /* Modules */,
				182E78462A2AECC7002A4C12 /* Tools and Utils */,
				182E78452A2AECAC002A4C12 /* Resource */,
				F44D70B12A2AE6E400B7D3B3 /* Info.plist */,
			);
			path = TaskManager;
			sourceTree = "<group>";
		};
/* End PBXGroup section */

/* Begin PBXNativeTarget section */
		F44D709F2A2AE6E200B7D3B3 /* TaskManager */ = {
			isa = PBXNativeTarget;
			buildConfigurationList = F44D70B42A2AE6E400B7D3B3 /* Build configuration list for PBXNativeTarget "TaskManager" */;
			buildPhases = (
				783020C932B986A59287DFD6 /* [CP] Check Pods Manifest.lock */,
				F44D709C2A2AE6E200B7D3B3 /* Sources */,
				F44D709D2A2AE6E200B7D3B3 /* Frameworks */,
				F44D709E2A2AE6E200B7D3B3 /* Resources */,
				8B8A5CCDC9E6D3580F48C77B /* [CP] Embed Pods Frameworks */,
			);
			buildRules = (
			);
			dependencies = (
			);
			name = TaskManager;
			productName = TaskManager;
			productReference = F44D70A02A2AE6E200B7D3B3 /* TaskManager.app */;
			productType = "com.apple.product-type.application";
		};
/* End PBXNativeTarget section */

/* Begin PBXProject section */
		F44D70982A2AE6E200B7D3B3 /* Project object */ = {
			isa = PBXProject;
			attributes = {
				BuildIndependentTargetsInParallel = 1;
				LastSwiftUpdateCheck = 1420;
				LastUpgradeCheck = 1420;
				TargetAttributes = {
					F44D709F2A2AE6E200B7D3B3 = {
						CreatedOnToolsVersion = 14.2;
					};
				};
			};
			buildConfigurationList = F44D709B2A2AE6E200B7D3B3 /* Build configuration list for PBXProject "TaskManager" */;
			compatibilityVersion = "Xcode 14.0";
			developmentRegion = en;
			hasScannedForEncodings = 0;
			knownRegions = (
				en,
				Base,
			);
			mainGroup = F44D70972A2AE6E200B7D3B3;
			productRefGroup = F44D70A12A2AE6E200B7D3B3 /* Products */;
			projectDirPath = "";
			projectRoot = "";
			targets = (
				F44D709F2A2AE6E200B7D3B3 /* TaskManager */,
			);
		};
/* End PBXProject section */

/* Begin PBXResourcesBuildPhase section */
		F44D709E2A2AE6E200B7D3B3 /* Resources */ = {
			isa = PBXResourcesBuildPhase;
			buildActionMask = 2147483647;
			files = (
				182E78AF2A2B127E002A4C12 /* LanguageSelectionTVC.xib in Resources */,
				F44D70B02A2AE6E400B7D3B3 /* LaunchScreen.storyboard in Resources */,
				182E78B52A2B173D002A4C12 /* LanguageSelection.storyboard in Resources */,
				F44D70AD2A2AE6E400B7D3B3 /* Assets.xcassets in Resources */,
				F44D70AB2A2AE6E200B7D3B3 /* Main.storyboard in Resources */,
			);
			runOnlyForDeploymentPostprocessing = 0;
		};
/* End PBXResourcesBuildPhase section */

/* Begin PBXShellScriptBuildPhase section */
		783020C932B986A59287DFD6 /* [CP] Check Pods Manifest.lock */ = {
			isa = PBXShellScriptBuildPhase;
			buildActionMask = 2147483647;
			files = (
			);
			inputFileListPaths = (
			);
			inputPaths = (
				"${PODS_PODFILE_DIR_PATH}/Podfile.lock",
				"${PODS_ROOT}/Manifest.lock",
			);
			name = "[CP] Check Pods Manifest.lock";
			outputFileListPaths = (
			);
			outputPaths = (
				"$(DERIVED_FILE_DIR)/Pods-TaskManager-checkManifestLockResult.txt",
			);
			runOnlyForDeploymentPostprocessing = 0;
			shellPath = /bin/sh;
			shellScript = "diff \"${PODS_PODFILE_DIR_PATH}/Podfile.lock\" \"${PODS_ROOT}/Manifest.lock\" > /dev/null\nif [ $? != 0 ] ; then\n    # print error to STDERR\n    echo \"error: The sandbox is not in sync with the Podfile.lock. Run 'pod install' or update your CocoaPods installation.\" >&2\n    exit 1\nfi\n# This output is used by Xcode 'outputs' to avoid re-running this script phase.\necho \"SUCCESS\" > \"${SCRIPT_OUTPUT_FILE_0}\"\n";
			showEnvVarsInLog = 0;
		};
		8B8A5CCDC9E6D3580F48C77B /* [CP] Embed Pods Frameworks */ = {
			isa = PBXShellScriptBuildPhase;
			buildActionMask = 2147483647;
			files = (
			);
			inputFileListPaths = (
				"${PODS_ROOT}/Target Support Files/Pods-TaskManager/Pods-TaskManager-frameworks-${CONFIGURATION}-input-files.xcfilelist",
			);
			name = "[CP] Embed Pods Frameworks";
			outputFileListPaths = (
				"${PODS_ROOT}/Target Support Files/Pods-TaskManager/Pods-TaskManager-frameworks-${CONFIGURATION}-output-files.xcfilelist",
			);
			runOnlyForDeploymentPostprocessing = 0;
			shellPath = /bin/sh;
			shellScript = "\"${PODS_ROOT}/Target Support Files/Pods-TaskManager/Pods-TaskManager-frameworks.sh\"\n";
			showEnvVarsInLog = 0;
		};
/* End PBXShellScriptBuildPhase section */

/* Begin PBXSourcesBuildPhase section */
		F44D709C2A2AE6E200B7D3B3 /* Sources */ = {
			isa = PBXSourcesBuildPhase;
			buildActionMask = 2147483647;
			files = (
				182E78862A2AF4EE002A4C12 /* ReusableView.swift in Sources */,
				182E78802A2AF400002A4C12 /* UINavigationController.swift in Sources */,
				182E78562A2AEE78002A4C12 /* BaseLabel.swift in Sources */,
				182E78A02A2B0E6E002A4C12 /* IMLanguage.swift in Sources */,
				182E78B12A2B159A002A4C12 /* ReuseIds.swift in Sources */,
				182E78612A2AEEE2002A4C12 /* Font.swift in Sources */,
				182E78832A2AF48F002A4C12 /* BaseTextField.swift in Sources */,
				182E788E2A2AF66B002A4C12 /* BaseViewController.swift in Sources */,
				182E78942A2AF772002A4C12 /* PresentationController.swift in Sources */,
				182E789C2A2AFE36002A4C12 /* ProfileImage.swift in Sources */,
				182E78532A2AEE39002A4C12 /* ClearCell.swift in Sources */,
				182E78582A2AEE84002A4C12 /* LabelLight.swift in Sources */,
				182E78492A2AECF4002A4C12 /* Colors.swift in Sources */,
				182E78712A2AF305002A4C12 /* BaseButton.swift in Sources */,
				182E78922A2AF6D3002A4C12 /* TableBaseViewController.swift in Sources */,
				182E787A2A2AF368002A4C12 /* UIView.swift in Sources */,
				182E78A32A2B0F6A002A4C12 /* BaseView.swift in Sources */,
				182E78972A2AFBFD002A4C12 /* SplashVC.swift in Sources */,
				182E787E2A2AF3E3002A4C12 /* BaseNavigationController.swift in Sources */,
				182E78A52A2B0F92002A4C12 /* LanguageSelectionPresenter.swift in Sources */,
				182E78992A2AFC88002A4C12 /* UIWindow.swift in Sources */,
				182E78632A2AEF12002A4C12 /* Language.swift in Sources */,
				182E785E2A2AEEAC002A4C12 /* LabelBold.swift in Sources */,
				182E784D2A2AED48002A4C12 /* KeyboardManager.swift in Sources */,
				182E78B72A2B1E70002A4C12 /* UIViewController.swift in Sources */,
				182E78AA2A2B11B8002A4C12 /* UITableView.swift in Sources */,
				182E78902A2AF686002A4C12 /* Typealias.swift in Sources */,
				182E785A2A2AEE90002A4C12 /* LabelMedium.swift in Sources */,
				182E78662A2AEF48002A4C12 /* LightStorage.swift in Sources */,
				182E786E2A2AF10F002A4C12 /* Images.swift in Sources */,
				182E78AE2A2B127E002A4C12 /* LanguageSelectionTVC.swift in Sources */,
				182E785C2A2AEE9A002A4C12 /* LabelRegular.swift in Sources */,
				182E78B32A2B171A002A4C12 /* StoryboardIds.swift in Sources */,
				182E786C2A2AF060002A4C12 /* StringLocalized.swift in Sources */,
				182E78A82A2B10CB002A4C12 /* LanguageSelectionVC.swift in Sources */,
				182E78732A2AF318002A4C12 /* TintButton.swift in Sources */,
				182E786A2A2AEFEA002A4C12 /* Strings.swift in Sources */,
				182E78752A2AF32A002A4C12 /* RoundedButton.swift in Sources */,
				F44D70A42A2AE6E200B7D3B3 /* AppDelegate.swift in Sources */,
				182E78892A2AF591002A4C12 /* LogManager.swift in Sources */,
				182E78512A2AEE08002A4C12 /* BaseTableViewCell.swift in Sources */,
				F44D70A62A2AE6E200B7D3B3 /* SceneDelegate.swift in Sources */,
				182E784B2A2AED13002A4C12 /* Register.swift in Sources */,
			);
			runOnlyForDeploymentPostprocessing = 0;
		};
/* End PBXSourcesBuildPhase section */

/* Begin PBXVariantGroup section */
		F44D70A92A2AE6E200B7D3B3 /* Main.storyboard */ = {
			isa = PBXVariantGroup;
			children = (
				F44D70AA2A2AE6E200B7D3B3 /* Base */,
			);
			name = Main.storyboard;
			sourceTree = "<group>";
		};
		F44D70AE2A2AE6E400B7D3B3 /* LaunchScreen.storyboard */ = {
			isa = PBXVariantGroup;
			children = (
				F44D70AF2A2AE6E400B7D3B3 /* Base */,
			);
			name = LaunchScreen.storyboard;
			sourceTree = "<group>";
		};
/* End PBXVariantGroup section */

/* Begin XCBuildConfiguration section */
		F44D70B22A2AE6E400B7D3B3 /* Debug */ = {
			isa = XCBuildConfiguration;
			buildSettings = {
				ALWAYS_SEARCH_USER_PATHS = NO;
				CLANG_ANALYZER_NONNULL = YES;
				CLANG_ANALYZER_NUMBER_OBJECT_CONVERSION = YES_AGGRESSIVE;
				CLANG_CXX_LANGUAGE_STANDARD = "gnu++20";
				CLANG_ENABLE_MODULES = YES;
				CLANG_ENABLE_OBJC_ARC = YES;
				CLANG_ENABLE_OBJC_WEAK = YES;
				CLANG_WARN_BLOCK_CAPTURE_AUTORELEASING = YES;
				CLANG_WARN_BOOL_CONVERSION = YES;
				CLANG_WARN_COMMA = YES;
				CLANG_WARN_CONSTANT_CONVERSION = YES;
				CLANG_WARN_DEPRECATED_OBJC_IMPLEMENTATIONS = YES;
				CLANG_WARN_DIRECT_OBJC_ISA_USAGE = YES_ERROR;
				CLANG_WARN_DOCUMENTATION_COMMENTS = YES;
				CLANG_WARN_EMPTY_BODY = YES;
				CLANG_WARN_ENUM_CONVERSION = YES;
				CLANG_WARN_INFINITE_RECURSION = YES;
				CLANG_WARN_INT_CONVERSION = YES;
				CLANG_WARN_NON_LITERAL_NULL_CONVERSION = YES;
				CLANG_WARN_OBJC_IMPLICIT_RETAIN_SELF = YES;
				CLANG_WARN_OBJC_LITERAL_CONVERSION = YES;
				CLANG_WARN_OBJC_ROOT_CLASS = YES_ERROR;
				CLANG_WARN_QUOTED_INCLUDE_IN_FRAMEWORK_HEADER = YES;
				CLANG_WARN_RANGE_LOOP_ANALYSIS = YES;
				CLANG_WARN_STRICT_PROTOTYPES = YES;
				CLANG_WARN_SUSPICIOUS_MOVE = YES;
				CLANG_WARN_UNGUARDED_AVAILABILITY = YES_AGGRESSIVE;
				CLANG_WARN_UNREACHABLE_CODE = YES;
				CLANG_WARN__DUPLICATE_METHOD_MATCH = YES;
				COPY_PHASE_STRIP = NO;
				DEBUG_INFORMATION_FORMAT = dwarf;
				ENABLE_STRICT_OBJC_MSGSEND = YES;
				ENABLE_TESTABILITY = YES;
				GCC_C_LANGUAGE_STANDARD = gnu11;
				GCC_DYNAMIC_NO_PIC = NO;
				GCC_NO_COMMON_BLOCKS = YES;
				GCC_OPTIMIZATION_LEVEL = 0;
				GCC_PREPROCESSOR_DEFINITIONS = (
					"DEBUG=1",
					"$(inherited)",
				);
				GCC_WARN_64_TO_32_BIT_CONVERSION = YES;
				GCC_WARN_ABOUT_RETURN_TYPE = YES_ERROR;
				GCC_WARN_UNDECLARED_SELECTOR = YES;
				GCC_WARN_UNINITIALIZED_AUTOS = YES_AGGRESSIVE;
				GCC_WARN_UNUSED_FUNCTION = YES;
				GCC_WARN_UNUSED_VARIABLE = YES;
				IPHONEOS_DEPLOYMENT_TARGET = 16.2;
				MTL_ENABLE_DEBUG_INFO = INCLUDE_SOURCE;
				MTL_FAST_MATH = YES;
				ONLY_ACTIVE_ARCH = YES;
				SDKROOT = iphoneos;
				SWIFT_ACTIVE_COMPILATION_CONDITIONS = DEBUG;
				SWIFT_OPTIMIZATION_LEVEL = "-Onone";
			};
			name = Debug;
		};
		F44D70B32A2AE6E400B7D3B3 /* Release */ = {
			isa = XCBuildConfiguration;
			buildSettings = {
				ALWAYS_SEARCH_USER_PATHS = NO;
				CLANG_ANALYZER_NONNULL = YES;
				CLANG_ANALYZER_NUMBER_OBJECT_CONVERSION = YES_AGGRESSIVE;
				CLANG_CXX_LANGUAGE_STANDARD = "gnu++20";
				CLANG_ENABLE_MODULES = YES;
				CLANG_ENABLE_OBJC_ARC = YES;
				CLANG_ENABLE_OBJC_WEAK = YES;
				CLANG_WARN_BLOCK_CAPTURE_AUTORELEASING = YES;
				CLANG_WARN_BOOL_CONVERSION = YES;
				CLANG_WARN_COMMA = YES;
				CLANG_WARN_CONSTANT_CONVERSION = YES;
				CLANG_WARN_DEPRECATED_OBJC_IMPLEMENTATIONS = YES;
				CLANG_WARN_DIRECT_OBJC_ISA_USAGE = YES_ERROR;
				CLANG_WARN_DOCUMENTATION_COMMENTS = YES;
				CLANG_WARN_EMPTY_BODY = YES;
				CLANG_WARN_ENUM_CONVERSION = YES;
				CLANG_WARN_INFINITE_RECURSION = YES;
				CLANG_WARN_INT_CONVERSION = YES;
				CLANG_WARN_NON_LITERAL_NULL_CONVERSION = YES;
				CLANG_WARN_OBJC_IMPLICIT_RETAIN_SELF = YES;
				CLANG_WARN_OBJC_LITERAL_CONVERSION = YES;
				CLANG_WARN_OBJC_ROOT_CLASS = YES_ERROR;
				CLANG_WARN_QUOTED_INCLUDE_IN_FRAMEWORK_HEADER = YES;
				CLANG_WARN_RANGE_LOOP_ANALYSIS = YES;
				CLANG_WARN_STRICT_PROTOTYPES = YES;
				CLANG_WARN_SUSPICIOUS_MOVE = YES;
				CLANG_WARN_UNGUARDED_AVAILABILITY = YES_AGGRESSIVE;
				CLANG_WARN_UNREACHABLE_CODE = YES;
				CLANG_WARN__DUPLICATE_METHOD_MATCH = YES;
				COPY_PHASE_STRIP = NO;
				DEBUG_INFORMATION_FORMAT = "dwarf-with-dsym";
				ENABLE_NS_ASSERTIONS = NO;
				ENABLE_STRICT_OBJC_MSGSEND = YES;
				GCC_C_LANGUAGE_STANDARD = gnu11;
				GCC_NO_COMMON_BLOCKS = YES;
				GCC_WARN_64_TO_32_BIT_CONVERSION = YES;
				GCC_WARN_ABOUT_RETURN_TYPE = YES_ERROR;
				GCC_WARN_UNDECLARED_SELECTOR = YES;
				GCC_WARN_UNINITIALIZED_AUTOS = YES_AGGRESSIVE;
				GCC_WARN_UNUSED_FUNCTION = YES;
				GCC_WARN_UNUSED_VARIABLE = YES;
				IPHONEOS_DEPLOYMENT_TARGET = 16.2;
				MTL_ENABLE_DEBUG_INFO = NO;
				MTL_FAST_MATH = YES;
				SDKROOT = iphoneos;
				SWIFT_COMPILATION_MODE = wholemodule;
				SWIFT_OPTIMIZATION_LEVEL = "-O";
				VALIDATE_PRODUCT = YES;
			};
			name = Release;
		};
		F44D70B52A2AE6E400B7D3B3 /* Debug */ = {
			isa = XCBuildConfiguration;
			baseConfigurationReference = 964C59A790365A07D3E922E7 /* Pods-TaskManager.debug.xcconfig */;
			buildSettings = {
				ASSETCATALOG_COMPILER_APPICON_NAME = AppIcon;
				ASSETCATALOG_COMPILER_GLOBAL_ACCENT_COLOR_NAME = AccentColor;
				CODE_SIGN_STYLE = Automatic;
				CURRENT_PROJECT_VERSION = 1;
				GENERATE_INFOPLIST_FILE = YES;
				INFOPLIST_FILE = TaskManager/Info.plist;
				INFOPLIST_KEY_UIApplicationSupportsIndirectInputEvents = YES;
				INFOPLIST_KEY_UILaunchStoryboardName = LaunchScreen;
				INFOPLIST_KEY_UIMainStoryboardFile = Main;
				INFOPLIST_KEY_UISupportedInterfaceOrientations_iPad = "UIInterfaceOrientationPortrait UIInterfaceOrientationPortraitUpsideDown UIInterfaceOrientationLandscapeLeft UIInterfaceOrientationLandscapeRight";
				INFOPLIST_KEY_UISupportedInterfaceOrientations_iPhone = "UIInterfaceOrientationPortrait UIInterfaceOrientationLandscapeLeft UIInterfaceOrientationLandscapeRight";
				IPHONEOS_DEPLOYMENT_TARGET = 13.0;
				LD_RUNPATH_SEARCH_PATHS = (
					"$(inherited)",
					"@executable_path/Frameworks",
				);
				MARKETING_VERSION = 1.0;
				PRODUCT_BUNDLE_IDENTIFIER = com.shndrs.TaskManager;
				PRODUCT_NAME = "$(TARGET_NAME)";
				SWIFT_EMIT_LOC_STRINGS = YES;
				SWIFT_VERSION = 5.0;
				TARGETED_DEVICE_FAMILY = "1,2";
			};
			name = Debug;
		};
		F44D70B62A2AE6E400B7D3B3 /* Release */ = {
			isa = XCBuildConfiguration;
			baseConfigurationReference = 04C564CD3FD00AF5186623CD /* Pods-TaskManager.release.xcconfig */;
			buildSettings = {
				ASSETCATALOG_COMPILER_APPICON_NAME = AppIcon;
				ASSETCATALOG_COMPILER_GLOBAL_ACCENT_COLOR_NAME = AccentColor;
				CODE_SIGN_STYLE = Automatic;
				CURRENT_PROJECT_VERSION = 1;
				GENERATE_INFOPLIST_FILE = YES;
				INFOPLIST_FILE = TaskManager/Info.plist;
				INFOPLIST_KEY_UIApplicationSupportsIndirectInputEvents = YES;
				INFOPLIST_KEY_UILaunchStoryboardName = LaunchScreen;
				INFOPLIST_KEY_UIMainStoryboardFile = Main;
				INFOPLIST_KEY_UISupportedInterfaceOrientations_iPad = "UIInterfaceOrientationPortrait UIInterfaceOrientationPortraitUpsideDown UIInterfaceOrientationLandscapeLeft UIInterfaceOrientationLandscapeRight";
				INFOPLIST_KEY_UISupportedInterfaceOrientations_iPhone = "UIInterfaceOrientationPortrait UIInterfaceOrientationLandscapeLeft UIInterfaceOrientationLandscapeRight";
				IPHONEOS_DEPLOYMENT_TARGET = 13.0;
				LD_RUNPATH_SEARCH_PATHS = (
					"$(inherited)",
					"@executable_path/Frameworks",
				);
				MARKETING_VERSION = 1.0;
				PRODUCT_BUNDLE_IDENTIFIER = com.shndrs.TaskManager;
				PRODUCT_NAME = "$(TARGET_NAME)";
				SWIFT_EMIT_LOC_STRINGS = YES;
				SWIFT_VERSION = 5.0;
				TARGETED_DEVICE_FAMILY = "1,2";
			};
			name = Release;
		};
/* End XCBuildConfiguration section */

/* Begin XCConfigurationList section */
		F44D709B2A2AE6E200B7D3B3 /* Build configuration list for PBXProject "TaskManager" */ = {
			isa = XCConfigurationList;
			buildConfigurations = (
				F44D70B22A2AE6E400B7D3B3 /* Debug */,
				F44D70B32A2AE6E400B7D3B3 /* Release */,
			);
			defaultConfigurationIsVisible = 0;
			defaultConfigurationName = Release;
		};
		F44D70B42A2AE6E400B7D3B3 /* Build configuration list for PBXNativeTarget "TaskManager" */ = {
			isa = XCConfigurationList;
			buildConfigurations = (
				F44D70B52A2AE6E400B7D3B3 /* Debug */,
				F44D70B62A2AE6E400B7D3B3 /* Release */,
			);
			defaultConfigurationIsVisible = 0;
			defaultConfigurationName = Release;
		};
/* End XCConfigurationList section */
	};
	rootObject = F44D70982A2AE6E200B7D3B3 /* Project object */;
}
