// !$*UTF8*$!
{
	archiveVersion = 1;
	classes = {
	};
	objectVersion = 56;
	objects = {

/* Begin PBXBuildFile section */
		182E78492A2AECF4002A4C12 /* Colors.swift in Sources */ = {isa = PBXBuildFile; fileRef = 182E78482A2AECF4002A4C12 /* Colors.swift */; };
		182E784B2A2AED13002A4C12 /* Register.swift in Sources */ = {isa = PBXBuildFile; fileRef = 182E784A2A2AED13002A4C12 /* Register.swift */; };
		182E784D2A2AED48002A4C12 /* KeyboardManager.swift in Sources */ = {isa = PBXBuildFile; fileRef = 182E784C2A2AED48002A4C12 /* KeyboardManager.swift */; };
		93FEFF1463B0883C4F9B5D93 /* Pods_TaskManager.framework in Frameworks */ = {isa = PBXBuildFile; fileRef = DC02E1A7FFF175C8BE303BC6 /* Pods_TaskManager.framework */; };
		F44D70A42A2AE6E200B7D3B3 /* AppDelegate.swift in Sources */ = {isa = PBXBuildFile; fileRef = F44D70A32A2AE6E200B7D3B3 /* AppDelegate.swift */; };
		F44D70A62A2AE6E200B7D3B3 /* SceneDelegate.swift in Sources */ = {isa = PBXBuildFile; fileRef = F44D70A52A2AE6E200B7D3B3 /* SceneDelegate.swift */; };
		F44D70A82A2AE6E200B7D3B3 /* ViewController.swift in Sources */ = {isa = PBXBuildFile; fileRef = F44D70A72A2AE6E200B7D3B3 /* ViewController.swift */; };
		F44D70AB2A2AE6E200B7D3B3 /* Main.storyboard in Resources */ = {isa = PBXBuildFile; fileRef = F44D70A92A2AE6E200B7D3B3 /* Main.storyboard */; };
		F44D70AD2A2AE6E400B7D3B3 /* Assets.xcassets in Resources */ = {isa = PBXBuildFile; fileRef = F44D70AC2A2AE6E400B7D3B3 /* Assets.xcassets */; };
		F44D70B02A2AE6E400B7D3B3 /* LaunchScreen.storyboard in Resources */ = {isa = PBXBuildFile; fileRef = F44D70AE2A2AE6E400B7D3B3 /* LaunchScreen.storyboard */; };
/* End PBXBuildFile section */

/* Begin PBXFileReference section */
		04C564CD3FD00AF5186623CD /* Pods-TaskManager.release.xcconfig */ = {isa = PBXFileReference; includeInIndex = 1; lastKnownFileType = text.xcconfig; name = "Pods-TaskManager.release.xcconfig"; path = "Target Support Files/Pods-TaskManager/Pods-TaskManager.release.xcconfig"; sourceTree = "<group>"; };
		182E78482A2AECF4002A4C12 /* Colors.swift */ = {isa = PBXFileReference; lastKnownFileType = sourcecode.swift; path = Colors.swift; sourceTree = "<group>"; };
		182E784A2A2AED13002A4C12 /* Register.swift */ = {isa = PBXFileReference; lastKnownFileType = sourcecode.swift; path = Register.swift; sourceTree = "<group>"; };
		182E784C2A2AED48002A4C12 /* KeyboardManager.swift */ = {isa = PBXFileReference; lastKnownFileType = sourcecode.swift; path = KeyboardManager.swift; sourceTree = "<group>"; };
		964C59A790365A07D3E922E7 /* Pods-TaskManager.debug.xcconfig */ = {isa = PBXFileReference; includeInIndex = 1; lastKnownFileType = text.xcconfig; name = "Pods-TaskManager.debug.xcconfig"; path = "Target Support Files/Pods-TaskManager/Pods-TaskManager.debug.xcconfig"; sourceTree = "<group>"; };
		DC02E1A7FFF175C8BE303BC6 /* Pods_TaskManager.framework */ = {isa = PBXFileReference; explicitFileType = wrapper.framework; includeInIndex = 0; path = Pods_TaskManager.framework; sourceTree = BUILT_PRODUCTS_DIR; };
		F44D70A02A2AE6E200B7D3B3 /* TaskManager.app */ = {isa = PBXFileReference; explicitFileType = wrapper.application; includeInIndex = 0; path = TaskManager.app; sourceTree = BUILT_PRODUCTS_DIR; };
		F44D70A32A2AE6E200B7D3B3 /* AppDelegate.swift */ = {isa = PBXFileReference; lastKnownFileType = sourcecode.swift; path = AppDelegate.swift; sourceTree = "<group>"; };
		F44D70A52A2AE6E200B7D3B3 /* SceneDelegate.swift */ = {isa = PBXFileReference; lastKnownFileType = sourcecode.swift; path = SceneDelegate.swift; sourceTree = "<group>"; };
		F44D70A72A2AE6E200B7D3B3 /* ViewController.swift */ = {isa = PBXFileReference; lastKnownFileType = sourcecode.swift; path = ViewController.swift; sourceTree = "<group>"; };
		F44D70AA2A2AE6E200B7D3B3 /* Base */ = {isa = PBXFileReference; lastKnownFileType = file.storyboard; name = Base; path = Base.lproj/Main.storyboard; sourceTree = "<group>"; };
		F44D70AC2A2AE6E400B7D3B3 /* Assets.xcassets */ = {isa = PBXFileReference; lastKnownFileType = folder.assetcatalog; path = Assets.xcassets; sourceTree = "<group>"; };
		F44D70AF2A2AE6E400B7D3B3 /* Base */ = {isa = PBXFileReference; lastKnownFileType = file.storyboard; name = Base; path = Base.lproj/LaunchScreen.storyboard; sourceTree = "<group>"; };
		F44D70B12A2AE6E400B7D3B3 /* Info.plist */ = {isa = PBXFileReference; lastKnownFileType = text.plist.xml; path = Info.plist; sourceTree = "<group>"; };
/* End PBXFileReference section */

/* Begin PBXFrameworksBuildPhase section */
		F44D709D2A2AE6E200B7D3B3 /* Frameworks */ = {
			isa = PBXFrameworksBuildPhase;
			buildActionMask = 2147483647;
			files = (
				93FEFF1463B0883C4F9B5D93 /* Pods_TaskManager.framework in Frameworks */,
			);
			runOnlyForDeploymentPostprocessing = 0;
		};
/* End PBXFrameworksBuildPhase section */

/* Begin PBXGroup section */
		182E78452A2AECAC002A4C12 /* Resource */ = {
			isa = PBXGroup;
			children = (
				F44D70AC2A2AE6E400B7D3B3 /* Assets.xcassets */,
			);
			path = Resource;
			sourceTree = "<group>";
		};
		182E78462A2AECC7002A4C12 /* Tools and Utils */ = {
			isa = PBXGroup;
			children = (
				182E78472A2AECEA002A4C12 /* General */,
			);
			path = "Tools and Utils";
			sourceTree = "<group>";
		};
		182E78472A2AECEA002A4C12 /* General */ = {
			isa = PBXGroup;
			children = (
				182E78482A2AECF4002A4C12 /* Colors.swift */,
				182E784A2A2AED13002A4C12 /* Register.swift */,
				182E784C2A2AED48002A4C12 /* KeyboardManager.swift */,
			);
			path = General;
			sourceTree = "<group>";
		};
		CAA679823BE59C82FA1997B4 /* Pods */ = {
			isa = PBXGroup;
			children = (
				964C59A790365A07D3E922E7 /* Pods-TaskManager.debug.xcconfig */,
				04C564CD3FD00AF5186623CD /* Pods-TaskManager.release.xcconfig */,
			);
			path = Pods;
			sourceTree = "<group>";
		};
		E35CBDC1D9BB1C9CFD2071DB /* Frameworks */ = {
			isa = PBXGroup;
			children = (
				DC02E1A7FFF175C8BE303BC6 /* Pods_TaskManager.framework */,
			);
			name = Frameworks;
			sourceTree = "<group>";
		};
		F44D70972A2AE6E200B7D3B3 = {
			isa = PBXGroup;
			children = (
				F44D70A22A2AE6E200B7D3B3 /* TaskManager */,
				F44D70A12A2AE6E200B7D3B3 /* Products */,
				CAA679823BE59C82FA1997B4 /* Pods */,
				E35CBDC1D9BB1C9CFD2071DB /* Frameworks */,
			);
			sourceTree = "<group>";
		};
		F44D70A12A2AE6E200B7D3B3 /* Products */ = {
			isa = PBXGroup;
			children = (
				F44D70A02A2AE6E200B7D3B3 /* TaskManager.app */,
			);
			name = Products;
			sourceTree = "<group>";
		};
		F44D70A22A2AE6E200B7D3B3 /* TaskManager */ = {
			isa = PBXGroup;
			children = (
				182E78462A2AECC7002A4C12 /* Tools and Utils */,
				182E78452A2AECAC002A4C12 /* Resource */,
				F44D70A32A2AE6E200B7D3B3 /* AppDelegate.swift */,
				F44D70A52A2AE6E200B7D3B3 /* SceneDelegate.swift */,
				F44D70A72A2AE6E200B7D3B3 /* ViewController.swift */,
				F44D70A92A2AE6E200B7D3B3 /* Main.storyboard */,
				F44D70AE2A2AE6E400B7D3B3 /* LaunchScreen.storyboard */,
				F44D70B12A2AE6E400B7D3B3 /* Info.plist */,
			);
			path = TaskManager;
			sourceTree = "<group>";
		};
/* End PBXGroup section */

/* Begin PBXNativeTarget section */
		F44D709F2A2AE6E200B7D3B3 /* TaskManager */ = {
			isa = PBXNativeTarget;
			buildConfigurationList = F44D70B42A2AE6E400B7D3B3 /* Build configuration list for PBXNativeTarget "TaskManager" */;
			buildPhases = (
				783020C932B986A59287DFD6 /* [CP] Check Pods Manifest.lock */,
				F44D709C2A2AE6E200B7D3B3 /* Sources */,
				F44D709D2A2AE6E200B7D3B3 /* Frameworks */,
				F44D709E2A2AE6E200B7D3B3 /* Resources */,
				8B8A5CCDC9E6D3580F48C77B /* [CP] Embed Pods Frameworks */,
			);
			buildRules = (
			);
			dependencies = (
			);
			name = TaskManager;
			productName = TaskManager;
			productReference = F44D70A02A2AE6E200B7D3B3 /* TaskManager.app */;
			productType = "com.apple.product-type.application";
		};
/* End PBXNativeTarget section */

/* Begin PBXProject section */
		F44D70982A2AE6E200B7D3B3 /* Project object */ = {
			isa = PBXProject;
			attributes = {
				BuildIndependentTargetsInParallel = 1;
				LastSwiftUpdateCheck = 1420;
				LastUpgradeCheck = 1420;
				TargetAttributes = {
					F44D709F2A2AE6E200B7D3B3 = {
						CreatedOnToolsVersion = 14.2;
					};
				};
			};
			buildConfigurationList = F44D709B2A2AE6E200B7D3B3 /* Build configuration list for PBXProject "TaskManager" */;
			compatibilityVersion = "Xcode 14.0";
			developmentRegion = en;
			hasScannedForEncodings = 0;
			knownRegions = (
				en,
				Base,
			);
			mainGroup = F44D70972A2AE6E200B7D3B3;
			productRefGroup = F44D70A12A2AE6E200B7D3B3 /* Products */;
			projectDirPath = "";
			projectRoot = "";
			targets = (
				F44D709F2A2AE6E200B7D3B3 /* TaskManager */,
			);
		};
/* End PBXProject section */

/* Begin PBXResourcesBuildPhase section */
		F44D709E2A2AE6E200B7D3B3 /* Resources */ = {
			isa = PBXResourcesBuildPhase;
			buildActionMask = 2147483647;
			files = (
				F44D70B02A2AE6E400B7D3B3 /* LaunchScreen.storyboard in Resources */,
				F44D70AD2A2AE6E400B7D3B3 /* Assets.xcassets in Resources */,
				F44D70AB2A2AE6E200B7D3B3 /* Main.storyboard in Resources */,
			);
			runOnlyForDeploymentPostprocessing = 0;
		};
/* End PBXResourcesBuildPhase section */

/* Begin PBXShellScriptBuildPhase section */
		783020C932B986A59287DFD6 /* [CP] Check Pods Manifest.lock */ = {
			isa = PBXShellScriptBuildPhase;
			buildActionMask = 2147483647;
			files = (
			);
			inputFileListPaths = (
			);
			inputPaths = (
				"${PODS_PODFILE_DIR_PATH}/Podfile.lock",
				"${PODS_ROOT}/Manifest.lock",
			);
			name = "[CP] Check Pods Manifest.lock";
			outputFileListPaths = (
			);
			outputPaths = (
				"$(DERIVED_FILE_DIR)/Pods-TaskManager-checkManifestLockResult.txt",
			);
			runOnlyForDeploymentPostprocessing = 0;
			shellPath = /bin/sh;
			shellScript = "diff \"${PODS_PODFILE_DIR_PATH}/Podfile.lock\" \"${PODS_ROOT}/Manifest.lock\" > /dev/null\nif [ $? != 0 ] ; then\n    # print error to STDERR\n    echo \"error: The sandbox is not in sync with the Podfile.lock. Run 'pod install' or update your CocoaPods installation.\" >&2\n    exit 1\nfi\n# This output is used by Xcode 'outputs' to avoid re-running this script phase.\necho \"SUCCESS\" > \"${SCRIPT_OUTPUT_FILE_0}\"\n";
			showEnvVarsInLog = 0;
		};
		8B8A5CCDC9E6D3580F48C77B /* [CP] Embed Pods Frameworks */ = {
			isa = PBXShellScriptBuildPhase;
			buildActionMask = 2147483647;
			files = (
			);
			inputFileListPaths = (
				"${PODS_ROOT}/Target Support Files/Pods-TaskManager/Pods-TaskManager-frameworks-${CONFIGURATION}-input-files.xcfilelist",
			);
			name = "[CP] Embed Pods Frameworks";
			outputFileListPaths = (
				"${PODS_ROOT}/Target Support Files/Pods-TaskManager/Pods-TaskManager-frameworks-${CONFIGURATION}-output-files.xcfilelist",
			);
			runOnlyForDeploymentPostprocessing = 0;
			shellPath = /bin/sh;
			shellScript = "\"${PODS_ROOT}/Target Support Files/Pods-TaskManager/Pods-TaskManager-frameworks.sh\"\n";
			showEnvVarsInLog = 0;
		};
/* End PBXShellScriptBuildPhase section */

/* Begin PBXSourcesBuildPhase section */
		F44D709C2A2AE6E200B7D3B3 /* Sources */ = {
			isa = PBXSourcesBuildPhase;
			buildActionMask = 2147483647;
			files = (
				F44D70A82A2AE6E200B7D3B3 /* ViewController.swift in Sources */,
				182E78492A2AECF4002A4C12 /* Colors.swift in Sources */,
				182E784D2A2AED48002A4C12 /* KeyboardManager.swift in Sources */,
				F44D70A42A2AE6E200B7D3B3 /* AppDelegate.swift in Sources */,
				F44D70A62A2AE6E200B7D3B3 /* SceneDelegate.swift in Sources */,
				182E784B2A2AED13002A4C12 /* Register.swift in Sources */,
			);
			runOnlyForDeploymentPostprocessing = 0;
		};
/* End PBXSourcesBuildPhase section */

/* Begin PBXVariantGroup section */
		F44D70A92A2AE6E200B7D3B3 /* Main.storyboard */ = {
			isa = PBXVariantGroup;
			children = (
				F44D70AA2A2AE6E200B7D3B3 /* Base */,
			);
			name = Main.storyboard;
			sourceTree = "<group>";
		};
		F44D70AE2A2AE6E400B7D3B3 /* LaunchScreen.storyboard */ = {
			isa = PBXVariantGroup;
			children = (
				F44D70AF2A2AE6E400B7D3B3 /* Base */,
			);
			name = LaunchScreen.storyboard;
			sourceTree = "<group>";
		};
/* End PBXVariantGroup section */

/* Begin XCBuildConfiguration section */
		F44D70B22A2AE6E400B7D3B3 /* Debug */ = {
			isa = XCBuildConfiguration;
			buildSettings = {
				ALWAYS_SEARCH_USER_PATHS = NO;
				CLANG_ANALYZER_NONNULL = YES;
				CLANG_ANALYZER_NUMBER_OBJECT_CONVERSION = YES_AGGRESSIVE;
				CLANG_CXX_LANGUAGE_STANDARD = "gnu++20";
				CLANG_ENABLE_MODULES = YES;
				CLANG_ENABLE_OBJC_ARC = YES;
				CLANG_ENABLE_OBJC_WEAK = YES;
				CLANG_WARN_BLOCK_CAPTURE_AUTORELEASING = YES;
				CLANG_WARN_BOOL_CONVERSION = YES;
				CLANG_WARN_COMMA = YES;
				CLANG_WARN_CONSTANT_CONVERSION = YES;
				CLANG_WARN_DEPRECATED_OBJC_IMPLEMENTATIONS = YES;
				CLANG_WARN_DIRECT_OBJC_ISA_USAGE = YES_ERROR;
				CLANG_WARN_DOCUMENTATION_COMMENTS = YES;
				CLANG_WARN_EMPTY_BODY = YES;
				CLANG_WARN_ENUM_CONVERSION = YES;
				CLANG_WARN_INFINITE_RECURSION = YES;
				CLANG_WARN_INT_CONVERSION = YES;
				CLANG_WARN_NON_LITERAL_NULL_CONVERSION = YES;
				CLANG_WARN_OBJC_IMPLICIT_RETAIN_SELF = YES;
				CLANG_WARN_OBJC_LITERAL_CONVERSION = YES;
				CLANG_WARN_OBJC_ROOT_CLASS = YES_ERROR;
				CLANG_WARN_QUOTED_INCLUDE_IN_FRAMEWORK_HEADER = YES;
				CLANG_WARN_RANGE_LOOP_ANALYSIS = YES;
				CLANG_WARN_STRICT_PROTOTYPES = YES;
				CLANG_WARN_SUSPICIOUS_MOVE = YES;
				CLANG_WARN_UNGUARDED_AVAILABILITY = YES_AGGRESSIVE;
				CLANG_WARN_UNREACHABLE_CODE = YES;
				CLANG_WARN__DUPLICATE_METHOD_MATCH = YES;
				COPY_PHASE_STRIP = NO;
				DEBUG_INFORMATION_FORMAT = dwarf;
				ENABLE_STRICT_OBJC_MSGSEND = YES;
				ENABLE_TESTABILITY = YES;
				GCC_C_LANGUAGE_STANDARD = gnu11;
				GCC_DYNAMIC_NO_PIC = NO;
				GCC_NO_COMMON_BLOCKS = YES;
				GCC_OPTIMIZATION_LEVEL = 0;
				GCC_PREPROCESSOR_DEFINITIONS = (
					"DEBUG=1",
					"$(inherited)",
				);
				GCC_WARN_64_TO_32_BIT_CONVERSION = YES;
				GCC_WARN_ABOUT_RETURN_TYPE = YES_ERROR;
				GCC_WARN_UNDECLARED_SELECTOR = YES;
				GCC_WARN_UNINITIALIZED_AUTOS = YES_AGGRESSIVE;
				GCC_WARN_UNUSED_FUNCTION = YES;
				GCC_WARN_UNUSED_VARIABLE = YES;
				IPHONEOS_DEPLOYMENT_TARGET = 16.2;
				MTL_ENABLE_DEBUG_INFO = INCLUDE_SOURCE;
				MTL_FAST_MATH = YES;
				ONLY_ACTIVE_ARCH = YES;
				SDKROOT = iphoneos;
				SWIFT_ACTIVE_COMPILATION_CONDITIONS = DEBUG;
				SWIFT_OPTIMIZATION_LEVEL = "-Onone";
			};
			name = Debug;
		};
		F44D70B32A2AE6E400B7D3B3 /* Release */ = {
			isa = XCBuildConfiguration;
			buildSettings = {
				ALWAYS_SEARCH_USER_PATHS = NO;
				CLANG_ANALYZER_NONNULL = YES;
				CLANG_ANALYZER_NUMBER_OBJECT_CONVERSION = YES_AGGRESSIVE;
				CLANG_CXX_LANGUAGE_STANDARD = "gnu++20";
				CLANG_ENABLE_MODULES = YES;
				CLANG_ENABLE_OBJC_ARC = YES;
				CLANG_ENABLE_OBJC_WEAK = YES;
				CLANG_WARN_BLOCK_CAPTURE_AUTORELEASING = YES;
				CLANG_WARN_BOOL_CONVERSION = YES;
				CLANG_WARN_COMMA = YES;
				CLANG_WARN_CONSTANT_CONVERSION = YES;
				CLANG_WARN_DEPRECATED_OBJC_IMPLEMENTATIONS = YES;
				CLANG_WARN_DIRECT_OBJC_ISA_USAGE = YES_ERROR;
				CLANG_WARN_DOCUMENTATION_COMMENTS = YES;
				CLANG_WARN_EMPTY_BODY = YES;
				CLANG_WARN_ENUM_CONVERSION = YES;
				CLANG_WARN_INFINITE_RECURSION = YES;
				CLANG_WARN_INT_CONVERSION = YES;
				CLANG_WARN_NON_LITERAL_NULL_CONVERSION = YES;
				CLANG_WARN_OBJC_IMPLICIT_RETAIN_SELF = YES;
				CLANG_WARN_OBJC_LITERAL_CONVERSION = YES;
				CLANG_WARN_OBJC_ROOT_CLASS = YES_ERROR;
				CLANG_WARN_QUOTED_INCLUDE_IN_FRAMEWORK_HEADER = YES;
				CLANG_WARN_RANGE_LOOP_ANALYSIS = YES;
				CLANG_WARN_STRICT_PROTOTYPES = YES;
				CLANG_WARN_SUSPICIOUS_MOVE = YES;
				CLANG_WARN_UNGUARDED_AVAILABILITY = YES_AGGRESSIVE;
				CLANG_WARN_UNREACHABLE_CODE = YES;
				CLANG_WARN__DUPLICATE_METHOD_MATCH = YES;
				COPY_PHASE_STRIP = NO;
				DEBUG_INFORMATION_FORMAT = "dwarf-with-dsym";
				ENABLE_NS_ASSERTIONS = NO;
				ENABLE_STRICT_OBJC_MSGSEND = YES;
				GCC_C_LANGUAGE_STANDARD = gnu11;
				GCC_NO_COMMON_BLOCKS = YES;
				GCC_WARN_64_TO_32_BIT_CONVERSION = YES;
				GCC_WARN_ABOUT_RETURN_TYPE = YES_ERROR;
				GCC_WARN_UNDECLARED_SELECTOR = YES;
				GCC_WARN_UNINITIALIZED_AUTOS = YES_AGGRESSIVE;
				GCC_WARN_UNUSED_FUNCTION = YES;
				GCC_WARN_UNUSED_VARIABLE = YES;
				IPHONEOS_DEPLOYMENT_TARGET = 16.2;
				MTL_ENABLE_DEBUG_INFO = NO;
				MTL_FAST_MATH = YES;
				SDKROOT = iphoneos;
				SWIFT_COMPILATION_MODE = wholemodule;
				SWIFT_OPTIMIZATION_LEVEL = "-O";
				VALIDATE_PRODUCT = YES;
			};
			name = Release;
		};
		F44D70B52A2AE6E400B7D3B3 /* Debug */ = {
			isa = XCBuildConfiguration;
			baseConfigurationReference = 964C59A790365A07D3E922E7 /* Pods-TaskManager.debug.xcconfig */;
			buildSettings = {
				ASSETCATALOG_COMPILER_APPICON_NAME = AppIcon;
				ASSETCATALOG_COMPILER_GLOBAL_ACCENT_COLOR_NAME = AccentColor;
				CODE_SIGN_STYLE = Automatic;
				CURRENT_PROJECT_VERSION = 1;
				GENERATE_INFOPLIST_FILE = YES;
				INFOPLIST_FILE = TaskManager/Info.plist;
				INFOPLIST_KEY_UIApplicationSupportsIndirectInputEvents = YES;
				INFOPLIST_KEY_UILaunchStoryboardName = LaunchScreen;
				INFOPLIST_KEY_UIMainStoryboardFile = Main;
				INFOPLIST_KEY_UISupportedInterfaceOrientations_iPad = "UIInterfaceOrientationPortrait UIInterfaceOrientationPortraitUpsideDown UIInterfaceOrientationLandscapeLeft UIInterfaceOrientationLandscapeRight";
				INFOPLIST_KEY_UISupportedInterfaceOrientations_iPhone = "UIInterfaceOrientationPortrait UIInterfaceOrientationLandscapeLeft UIInterfaceOrientationLandscapeRight";
				IPHONEOS_DEPLOYMENT_TARGET = 13.0;
				LD_RUNPATH_SEARCH_PATHS = (
					"$(inherited)",
					"@executable_path/Frameworks",
				);
				MARKETING_VERSION = 1.0;
				PRODUCT_BUNDLE_IDENTIFIER = com.shndrs.TaskManager;
				PRODUCT_NAME = "$(TARGET_NAME)";
				SWIFT_EMIT_LOC_STRINGS = YES;
				SWIFT_VERSION = 5.0;
				TARGETED_DEVICE_FAMILY = "1,2";
			};
			name = Debug;
		};
		F44D70B62A2AE6E400B7D3B3 /* Release */ = {
			isa = XCBuildConfiguration;
			baseConfigurationReference = 04C564CD3FD00AF5186623CD /* Pods-TaskManager.release.xcconfig */;
			buildSettings = {
				ASSETCATALOG_COMPILER_APPICON_NAME = AppIcon;
				ASSETCATALOG_COMPILER_GLOBAL_ACCENT_COLOR_NAME = AccentColor;
				CODE_SIGN_STYLE = Automatic;
				CURRENT_PROJECT_VERSION = 1;
				GENERATE_INFOPLIST_FILE = YES;
				INFOPLIST_FILE = TaskManager/Info.plist;
				INFOPLIST_KEY_UIApplicationSupportsIndirectInputEvents = YES;
				INFOPLIST_KEY_UILaunchStoryboardName = LaunchScreen;
				INFOPLIST_KEY_UIMainStoryboardFile = Main;
				INFOPLIST_KEY_UISupportedInterfaceOrientations_iPad = "UIInterfaceOrientationPortrait UIInterfaceOrientationPortraitUpsideDown UIInterfaceOrientationLandscapeLeft UIInterfaceOrientationLandscapeRight";
				INFOPLIST_KEY_UISupportedInterfaceOrientations_iPhone = "UIInterfaceOrientationPortrait UIInterfaceOrientationLandscapeLeft UIInterfaceOrientationLandscapeRight";
				IPHONEOS_DEPLOYMENT_TARGET = 13.0;
				LD_RUNPATH_SEARCH_PATHS = (
					"$(inherited)",
					"@executable_path/Frameworks",
				);
				MARKETING_VERSION = 1.0;
				PRODUCT_BUNDLE_IDENTIFIER = com.shndrs.TaskManager;
				PRODUCT_NAME = "$(TARGET_NAME)";
				SWIFT_EMIT_LOC_STRINGS = YES;
				SWIFT_VERSION = 5.0;
				TARGETED_DEVICE_FAMILY = "1,2";
			};
			name = Release;
		};
/* End XCBuildConfiguration section */

/* Begin XCConfigurationList section */
		F44D709B2A2AE6E200B7D3B3 /* Build configuration list for PBXProject "TaskManager" */ = {
			isa = XCConfigurationList;
			buildConfigurations = (
				F44D70B22A2AE6E400B7D3B3 /* Debug */,
				F44D70B32A2AE6E400B7D3B3 /* Release */,
			);
			defaultConfigurationIsVisible = 0;
			defaultConfigurationName = Release;
		};
		F44D70B42A2AE6E400B7D3B3 /* Build configuration list for PBXNativeTarget "TaskManager" */ = {
			isa = XCConfigurationList;
			buildConfigurations = (
				F44D70B52A2AE6E400B7D3B3 /* Debug */,
				F44D70B62A2AE6E400B7D3B3 /* Release */,
			);
			defaultConfigurationIsVisible = 0;
			defaultConfigurationName = Release;
		};
/* End XCConfigurationList section */
	};
	rootObject = F44D70982A2AE6E200B7D3B3 /* Project object */;
}
